
Microsoft Visual Studio Solution File, Format Version 12.00
# Visual Studio 15
VisualStudioVersion = 15.0.28010.2041
MinimumVisualStudioVersion = 10.0.40219.1
Project("{FAE04EC0-301F-11D3-BF4B-00C04F79EFBC}") = "JavaAntlrBaseline", "JavaAntlrBaseline.csproj", "{8F839708-45F0-4C7A-A42B-9EA5B8CA8A21}"
EndProject
Global
	GlobalSection(SolutionConfigurationPlatforms) = preSolution
		Debug|Any CPU = Debug|Any CPU
		Release|Any CPU = Release|Any CPU
	EndGlobalSection
	GlobalSection(ProjectConfigurationPlatforms) = postSolution
		{8F839708-45F0-4C7A-A42B-9EA5B8CA8A21}.Debug|Any CPU.ActiveCfg = Debug|Any CPU
		{8F839708-45F0-4C7A-A42B-9EA5B8CA8A21}.Debug|Any CPU.Build.0 = Debug|Any CPU
		{8F839708-45F0-4C7A-A42B-9EA5B8CA8A21}.Release|Any CPU.ActiveCfg = Release|Any CPU
		{8F839708-45F0-4C7A-A42B-9EA5B8CA8A21}.Release|Any CPU.Build.0 = Release|Any CPU
	EndGlobalSection
	GlobalSection(SolutionProperties) = preSolution
		HideSolutionNode = FALSE
	EndGlobalSection
	GlobalSection(ExtensibilityGlobals) = postSolution
		SolutionGuid = {A0089974-C665-4B2B-88D0-8539BF761589}
	EndGlobalSection
EndGlobal
