
Microsoft Visual Studio Solution File, Format Version 12.00
# Visual Studio 15
VisualStudioVersion = 15.0.27703.2042
MinimumVisualStudioVersion = 10.0.40219.1
Project("{FAE04EC0-301F-11D3-BF4B-00C04F79EFBC}") = "LandParserGenerator", "LandParserGenerator\LandParserGenerator.csproj", "{F1276A3B-A504-47A3-B858-8224EF265795}"
EndProject
Project("{FAE04EC0-301F-11D3-BF4B-00C04F79EFBC}") = "GUI", "GUI\GUI.csproj", "{8F271B4E-CC67-4661-B856-88ECA83464A4}"
EndProject
Project("{FAE04EC0-301F-11D3-BF4B-00C04F79EFBC}") = "VSExtension", "VSExtension\VSExtension.csproj", "{5A8AA51F-418F-4ADD-B3B8-837FEC4A3CB2}"
EndProject
Project("{FAE04EC0-301F-11D3-BF4B-00C04F79EFBC}") = "CLI", "CLI\CLI.csproj", "{454E1E2A-AA5A-40E7-8E9F-1F354B915A62}"
EndProject
Project("{FAE04EC0-301F-11D3-BF4B-00C04F79EFBC}") = "Control", "Control\Control.csproj", "{2BFDCBE8-7EB3-4B9F-AFEB-5EF2B2495AA7}"
EndProject
Global
	GlobalSection(SolutionConfigurationPlatforms) = preSolution
		Debug|Any CPU = Debug|Any CPU
		Release|Any CPU = Release|Any CPU
	EndGlobalSection
	GlobalSection(ProjectConfigurationPlatforms) = postSolution
		{F1276A3B-A504-47A3-B858-8224EF265795}.Debug|Any CPU.ActiveCfg = Debug|Any CPU
		{F1276A3B-A504-47A3-B858-8224EF265795}.Debug|Any CPU.Build.0 = Debug|Any CPU
		{F1276A3B-A504-47A3-B858-8224EF265795}.Release|Any CPU.ActiveCfg = Release|Any CPU
		{F1276A3B-A504-47A3-B858-8224EF265795}.Release|Any CPU.Build.0 = Release|Any CPU
		{8F271B4E-CC67-4661-B856-88ECA83464A4}.Debug|Any CPU.ActiveCfg = Debug|Any CPU
		{8F271B4E-CC67-4661-B856-88ECA83464A4}.Debug|Any CPU.Build.0 = Debug|Any CPU
		{8F271B4E-CC67-4661-B856-88ECA83464A4}.Release|Any CPU.ActiveCfg = Release|Any CPU
		{8F271B4E-CC67-4661-B856-88ECA83464A4}.Release|Any CPU.Build.0 = Release|Any CPU
		{5A8AA51F-418F-4ADD-B3B8-837FEC4A3CB2}.Debug|Any CPU.ActiveCfg = Debug|Any CPU
		{5A8AA51F-418F-4ADD-B3B8-837FEC4A3CB2}.Debug|Any CPU.Build.0 = Debug|Any CPU
		{5A8AA51F-418F-4ADD-B3B8-837FEC4A3CB2}.Release|Any CPU.ActiveCfg = Release|Any CPU
		{5A8AA51F-418F-4ADD-B3B8-837FEC4A3CB2}.Release|Any CPU.Build.0 = Release|Any CPU
		{454E1E2A-AA5A-40E7-8E9F-1F354B915A62}.Debug|Any CPU.ActiveCfg = Debug|Any CPU
		{454E1E2A-AA5A-40E7-8E9F-1F354B915A62}.Debug|Any CPU.Build.0 = Debug|Any CPU
		{454E1E2A-AA5A-40E7-8E9F-1F354B915A62}.Release|Any CPU.ActiveCfg = Release|Any CPU
		{454E1E2A-AA5A-40E7-8E9F-1F354B915A62}.Release|Any CPU.Build.0 = Release|Any CPU
		{2BFDCBE8-7EB3-4B9F-AFEB-5EF2B2495AA7}.Debug|Any CPU.ActiveCfg = Debug|Any CPU
		{2BFDCBE8-7EB3-4B9F-AFEB-5EF2B2495AA7}.Debug|Any CPU.Build.0 = Debug|Any CPU
		{2BFDCBE8-7EB3-4B9F-AFEB-5EF2B2495AA7}.Release|Any CPU.ActiveCfg = Release|Any CPU
		{2BFDCBE8-7EB3-4B9F-AFEB-5EF2B2495AA7}.Release|Any CPU.Build.0 = Release|Any CPU
	EndGlobalSection
	GlobalSection(SolutionProperties) = preSolution
		HideSolutionNode = FALSE
	EndGlobalSection
	GlobalSection(ExtensibilityGlobals) = postSolution
		SolutionGuid = {CD7950FE-7FC3-4DA2-9B6B-4B3E76CBD3C2}
	EndGlobalSection
EndGlobal
