
Microsoft Visual Studio Solution File, Format Version 12.00
# Visual Studio 15
VisualStudioVersion = 15.0.28010.2050
MinimumVisualStudioVersion = 10.0.40219.1
Project("{FAE04EC0-301F-11D3-BF4B-00C04F79EFBC}") = "HistoryProcessor", "HistoryProcessor\HistoryProcessor.csproj", "{D276CB52-3F75-41C4-A1FB-346A2A96658A}"
EndProject
Global
	GlobalSection(SolutionConfigurationPlatforms) = preSolution
		Debug|Any CPU = Debug|Any CPU
		Release|Any CPU = Release|Any CPU
	EndGlobalSection
	GlobalSection(ProjectConfigurationPlatforms) = postSolution
		{D276CB52-3F75-41C4-A1FB-346A2A96658A}.Debug|Any CPU.ActiveCfg = Debug|Any CPU
		{D276CB52-3F75-41C4-A1FB-346A2A96658A}.Debug|Any CPU.Build.0 = Debug|Any CPU
		{D276CB52-3F75-41C4-A1FB-346A2A96658A}.Release|Any CPU.ActiveCfg = Release|Any CPU
		{D276CB52-3F75-41C4-A1FB-346A2A96658A}.Release|Any CPU.Build.0 = Release|Any CPU
	EndGlobalSection
	GlobalSection(SolutionProperties) = preSolution
		HideSolutionNode = FALSE
	EndGlobalSection
	GlobalSection(ExtensibilityGlobals) = postSolution
		SolutionGuid = {27CEBF90-5BB3-4532-8CE1-214357820E49}
	EndGlobalSection
EndGlobal
